
Microsoft Visual Studio Solution File, Format Version 10.00
# Visual Studio 2008
Project("{FAE04EC0-301F-11D3-BF4B-00C04F79EFBC}") = "NamedReaderWriterLock", "NamedReaderWriterLock\NamedReaderWriterLock.csproj", "{0C9A128A-2C50-4DB5-A30B-A1679371CE43}"
EndProject
Global
	GlobalSection(SolutionConfigurationPlatforms) = preSolution
		Debug|Any CPU = Debug|Any CPU
		Release|Any CPU = Release|Any CPU
	EndGlobalSection
	GlobalSection(ProjectConfigurationPlatforms) = postSolution
		{0C9A128A-2C50-4DB5-A30B-A1679371CE43}.Debug|Any CPU.ActiveCfg = Debug|Any CPU
		{0C9A128A-2C50-4DB5-A30B-A1679371CE43}.Debug|Any CPU.Build.0 = Debug|Any CPU
		{0C9A128A-2C50-4DB5-A30B-A1679371CE43}.Release|Any CPU.ActiveCfg = Release|Any CPU
		{0C9A128A-2C50-4DB5-A30B-A1679371CE43}.Release|Any CPU.Build.0 = Release|Any CPU
	EndGlobalSection
	GlobalSection(SolutionProperties) = preSolution
		HideSolutionNode = FALSE
	EndGlobalSection
EndGlobal
